
Microsoft Visual Studio Solution File, Format Version 12.00
# Visual Studio Version 17
VisualStudioVersion = 17.5.002.0
MinimumVisualStudioVersion = 10.0.40219.1
Project("{9A19103F-16F7-4668-BE54-9A1E7A4F7556}") = "Storyline.WebApp", "Storyline.WebApp.csproj", "{D2895F45-4969-4AF0-9938-9D47F1198ECC}"
EndProject
Global
	GlobalSection(SolutionConfigurationPlatforms) = preSolution
		Debug|Any CPU = Debug|Any CPU
		Release|Any CPU = Release|Any CPU
	EndGlobalSection
	GlobalSection(ProjectConfigurationPlatforms) = postSolution
		{D2895F45-4969-4AF0-9938-9D47F1198ECC}.Debug|Any CPU.ActiveCfg = Debug|Any CPU
		{D2895F45-4969-4AF0-9938-9D47F1198ECC}.Debug|Any CPU.Build.0 = Debug|Any CPU
		{D2895F45-4969-4AF0-9938-9D47F1198ECC}.Release|Any CPU.ActiveCfg = Release|Any CPU
		{D2895F45-4969-4AF0-9938-9D47F1198ECC}.Release|Any CPU.Build.0 = Release|Any CPU
	EndGlobalSection
	GlobalSection(SolutionProperties) = preSolution
		HideSolutionNode = FALSE
	EndGlobalSection
	GlobalSection(ExtensibilityGlobals) = postSolution
		SolutionGuid = {DF0EC8BB-9C94-4EDC-9E62-9BE51FF5FEC3}
	EndGlobalSection
EndGlobal
