
Microsoft Visual Studio Solution File, Format Version 12.00
# Visual Studio Version 16
VisualStudioVersion = 16.0.31424.327
MinimumVisualStudioVersion = 10.0.40219.1
Project("{2150E333-8FDC-42A3-9474-1A3956D46DE8}") = "src", "src", "{2969853F-326A-4C6D-B8EE-B66EB41027D4}"
EndProject
Project("{9A19103F-16F7-4668-BE54-9A1E7A4F7556}") = "Storyline.WebApp", "src\Storyline.WebApp\Storyline.WebApp.csproj", "{E7E44DBE-E993-4093-BCE8-499704926228}"
EndProject
Global
	GlobalSection(SolutionConfigurationPlatforms) = preSolution
		Debug|Any CPU = Debug|Any CPU
		Release|Any CPU = Release|Any CPU
	EndGlobalSection
	GlobalSection(ProjectConfigurationPlatforms) = postSolution
		{E7E44DBE-E993-4093-BCE8-499704926228}.Debug|Any CPU.ActiveCfg = Debug|Any CPU
		{E7E44DBE-E993-4093-BCE8-499704926228}.Debug|Any CPU.Build.0 = Debug|Any CPU
		{E7E44DBE-E993-4093-BCE8-499704926228}.Release|Any CPU.ActiveCfg = Release|Any CPU
		{E7E44DBE-E993-4093-BCE8-499704926228}.Release|Any CPU.Build.0 = Release|Any CPU
	EndGlobalSection
	GlobalSection(SolutionProperties) = preSolution
		HideSolutionNode = FALSE
	EndGlobalSection
	GlobalSection(NestedProjects) = preSolution
		{E7E44DBE-E993-4093-BCE8-499704926228} = {2969853F-326A-4C6D-B8EE-B66EB41027D4}
	EndGlobalSection
	GlobalSection(ExtensibilityGlobals) = postSolution
		SolutionGuid = {7B930860-4F48-4DB5-9AFB-22384032810C}
	EndGlobalSection
EndGlobal
